// !$*UTF8*$!
{
	archiveVersion = 1;
	classes = {
	};
	objectVersion = 50;
	objects = {

/* Begin PBXBuildFile section */
		4824EE9422B631F5003AC584 /* AppDelegate.swift in Sources */ = {isa = PBXBuildFile; fileRef = 4824EE9322B631F5003AC584 /* AppDelegate.swift */; };
		4824EE9622B631F5003AC584 /* ViewController.swift in Sources */ = {isa = PBXBuildFile; fileRef = 4824EE9522B631F5003AC584 /* ViewController.swift */; };
		4824EE9922B631F5003AC584 /* Main.storyboard in Resources */ = {isa = PBXBuildFile; fileRef = 4824EE9722B631F5003AC584 /* Main.storyboard */; };
		4824EE9B22B631F7003AC584 /* Assets.xcassets in Resources */ = {isa = PBXBuildFile; fileRef = 4824EE9A22B631F7003AC584 /* Assets.xcassets */; };
		4824EE9E22B631F7003AC584 /* LaunchScreen.storyboard in Resources */ = {isa = PBXBuildFile; fileRef = 4824EE9C22B631F7003AC584 /* LaunchScreen.storyboard */; };
		4824EEA922B631F7003AC584 /* dynamic_tabTests.swift in Sources */ = {isa = PBXBuildFile; fileRef = 4824EEA822B631F7003AC584 /* dynamic_tabTests.swift */; };
		4824EEB422B631F7003AC584 /* dynamic_tabUITests.swift in Sources */ = {isa = PBXBuildFile; fileRef = 4824EEB322B631F7003AC584 /* dynamic_tabUITests.swift */; };
/* End PBXBuildFile section */

/* Begin PBXContainerItemProxy section */
		4824EEA522B631F7003AC584 /* PBXContainerItemProxy */ = {
			isa = PBXContainerItemProxy;
			containerPortal = 4824EE8822B631F5003AC584 /* Project object */;
			proxyType = 1;
			remoteGlobalIDString = 4824EE8F22B631F5003AC584;
			remoteInfo = "dynamic-tab";
		};
		4824EEB022B631F7003AC584 /* PBXContainerItemProxy */ = {
			isa = PBXContainerItemProxy;
			containerPortal = 4824EE8822B631F5003AC584 /* Project object */;
			proxyType = 1;
			remoteGlobalIDString = 4824EE8F22B631F5003AC584;
			remoteInfo = "dynamic-tab";
		};
/* End PBXContainerItemProxy section */

/* Begin PBXFileReference section */
		4824EE9022B631F5003AC584 /* dynamic-tab.app */ = {isa = PBXFileReference; explicitFileType = wrapper.application; includeInIndex = 0; path = "dynamic-tab.app"; sourceTree = BUILT_PRODUCTS_DIR; };
		4824EE9322B631F5003AC584 /* AppDelegate.swift */ = {isa = PBXFileReference; lastKnownFileType = sourcecode.swift; path = AppDelegate.swift; sourceTree = "<group>"; };
		4824EE9522B631F5003AC584 /* ViewController.swift */ = {isa = PBXFileReference; lastKnownFileType = sourcecode.swift; path = ViewController.swift; sourceTree = "<group>"; };
		4824EE9822B631F5003AC584 /* Base */ = {isa = PBXFileReference; lastKnownFileType = file.storyboard; name = Base; path = Base.lproj/Main.storyboard; sourceTree = "<group>"; };
		4824EE9A22B631F7003AC584 /* Assets.xcassets */ = {isa = PBXFileReference; lastKnownFileType = folder.assetcatalog; path = Assets.xcassets; sourceTree = "<group>"; };
		4824EE9D22B631F7003AC584 /* Base */ = {isa = PBXFileReference; lastKnownFileType = file.storyboard; name = Base; path = Base.lproj/LaunchScreen.storyboard; sourceTree = "<group>"; };
		4824EE9F22B631F7003AC584 /* Info.plist */ = {isa = PBXFileReference; lastKnownFileType = text.plist.xml; path = Info.plist; sourceTree = "<group>"; };
		4824EEA422B631F7003AC584 /* dynamic-tabTests.xctest */ = {isa = PBXFileReference; explicitFileType = wrapper.cfbundle; includeInIndex = 0; path = "dynamic-tabTests.xctest"; sourceTree = BUILT_PRODUCTS_DIR; };
		4824EEA822B631F7003AC584 /* dynamic_tabTests.swift */ = {isa = PBXFileReference; lastKnownFileType = sourcecode.swift; path = dynamic_tabTests.swift; sourceTree = "<group>"; };
		4824EEAA22B631F7003AC584 /* Info.plist */ = {isa = PBXFileReference; lastKnownFileType = text.plist.xml; path = Info.plist; sourceTree = "<group>"; };
		4824EEAF22B631F7003AC584 /* dynamic-tabUITests.xctest */ = {isa = PBXFileReference; explicitFileType = wrapper.cfbundle; includeInIndex = 0; path = "dynamic-tabUITests.xctest"; sourceTree = BUILT_PRODUCTS_DIR; };
		4824EEB322B631F7003AC584 /* dynamic_tabUITests.swift */ = {isa = PBXFileReference; lastKnownFileType = sourcecode.swift; path = dynamic_tabUITests.swift; sourceTree = "<group>"; };
		4824EEB522B631F7003AC584 /* Info.plist */ = {isa = PBXFileReference; lastKnownFileType = text.plist.xml; path = Info.plist; sourceTree = "<group>"; };
/* End PBXFileReference section */

/* Begin PBXFrameworksBuildPhase section */
		4824EE8D22B631F5003AC584 /* Frameworks */ = {
			isa = PBXFrameworksBuildPhase;
			buildActionMask = 2147483647;
			files = (
			);
			runOnlyForDeploymentPostprocessing = 0;
		};
		4824EEA122B631F7003AC584 /* Frameworks */ = {
			isa = PBXFrameworksBuildPhase;
			buildActionMask = 2147483647;
			files = (
			);
			runOnlyForDeploymentPostprocessing = 0;
		};
		4824EEAC22B631F7003AC584 /* Frameworks */ = {
			isa = PBXFrameworksBuildPhase;
			buildActionMask = 2147483647;
			files = (
			);
			runOnlyForDeploymentPostprocessing = 0;
		};
/* End PBXFrameworksBuildPhase section */

/* Begin PBXGroup section */
		4824EE8722B631F5003AC584 = {
			isa = PBXGroup;
			children = (
				4824EE9222B631F5003AC584 /* dynamic-tab */,
				4824EEA722B631F7003AC584 /* dynamic-tabTests */,
				4824EEB222B631F7003AC584 /* dynamic-tabUITests */,
				4824EE9122B631F5003AC584 /* Products */,
			);
			sourceTree = "<group>";
		};
		4824EE9122B631F5003AC584 /* Products */ = {
			isa = PBXGroup;
			children = (
				4824EE9022B631F5003AC584 /* dynamic-tab.app */,
				4824EEA422B631F7003AC584 /* dynamic-tabTests.xctest */,
				4824EEAF22B631F7003AC584 /* dynamic-tabUITests.xctest */,
			);
			name = Products;
			sourceTree = "<group>";
		};
		4824EE9222B631F5003AC584 /* dynamic-tab */ = {
			isa = PBXGroup;
			children = (
				4824EE9322B631F5003AC584 /* AppDelegate.swift */,
				4824EE9522B631F5003AC584 /* ViewController.swift */,
				4824EE9722B631F5003AC584 /* Main.storyboard */,
				4824EE9A22B631F7003AC584 /* Assets.xcassets */,
				4824EE9C22B631F7003AC584 /* LaunchScreen.storyboard */,
				4824EE9F22B631F7003AC584 /* Info.plist */,
			);
			path = "dynamic-tab";
			sourceTree = "<group>";
		};
		4824EEA722B631F7003AC584 /* dynamic-tabTests */ = {
			isa = PBXGroup;
			children = (
				4824EEA822B631F7003AC584 /* dynamic_tabTests.swift */,
				4824EEAA22B631F7003AC584 /* Info.plist */,
			);
			path = "dynamic-tabTests";
			sourceTree = "<group>";
		};
		4824EEB222B631F7003AC584 /* dynamic-tabUITests */ = {
			isa = PBXGroup;
			children = (
				4824EEB322B631F7003AC584 /* dynamic_tabUITests.swift */,
				4824EEB522B631F7003AC584 /* Info.plist */,
			);
			path = "dynamic-tabUITests";
			sourceTree = "<group>";
		};
/* End PBXGroup section */

/* Begin PBXNativeTarget section */
		4824EE8F22B631F5003AC584 /* dynamic-tab */ = {
			isa = PBXNativeTarget;
			buildConfigurationList = 4824EEB822B631F7003AC584 /* Build configuration list for PBXNativeTarget "dynamic-tab" */;
			buildPhases = (
				4824EE8C22B631F5003AC584 /* Sources */,
				4824EE8D22B631F5003AC584 /* Frameworks */,
				4824EE8E22B631F5003AC584 /* Resources */,
			);
			buildRules = (
			);
			dependencies = (
			);
			name = "dynamic-tab";
			productName = "dynamic-tab";
			productReference = 4824EE9022B631F5003AC584 /* dynamic-tab.app */;
			productType = "com.apple.product-type.application";
		};
		4824EEA322B631F7003AC584 /* dynamic-tabTests */ = {
			isa = PBXNativeTarget;
			buildConfigurationList = 4824EEBB22B631F7003AC584 /* Build configuration list for PBXNativeTarget "dynamic-tabTests" */;
			buildPhases = (
				4824EEA022B631F7003AC584 /* Sources */,
				4824EEA122B631F7003AC584 /* Frameworks */,
				4824EEA222B631F7003AC584 /* Resources */,
			);
			buildRules = (
			);
			dependencies = (
				4824EEA622B631F7003AC584 /* PBXTargetDependency */,
			);
			name = "dynamic-tabTests";
			productName = "dynamic-tabTests";
			productReference = 4824EEA422B631F7003AC584 /* dynamic-tabTests.xctest */;
			productType = "com.apple.product-type.bundle.unit-test";
		};
		4824EEAE22B631F7003AC584 /* dynamic-tabUITests */ = {
			isa = PBXNativeTarget;
			buildConfigurationList = 4824EEBE22B631F7003AC584 /* Build configuration list for PBXNativeTarget "dynamic-tabUITests" */;
			buildPhases = (
				4824EEAB22B631F7003AC584 /* Sources */,
				4824EEAC22B631F7003AC584 /* Frameworks */,
				4824EEAD22B631F7003AC584 /* Resources */,
			);
			buildRules = (
			);
			dependencies = (
				4824EEB122B631F7003AC584 /* PBXTargetDependency */,
			);
			name = "dynamic-tabUITests";
			productName = "dynamic-tabUITests";
			productReference = 4824EEAF22B631F7003AC584 /* dynamic-tabUITests.xctest */;
			productType = "com.apple.product-type.bundle.ui-testing";
		};
/* End PBXNativeTarget section */

/* Begin PBXProject section */
		4824EE8822B631F5003AC584 /* Project object */ = {
			isa = PBXProject;
			attributes = {
				LastSwiftUpdateCheck = 1020;
				LastUpgradeCheck = 1020;
				ORGANIZATIONNAME = "David-DAS";
				TargetAttributes = {
					4824EE8F22B631F5003AC584 = {
						CreatedOnToolsVersion = 10.2.1;
					};
					4824EEA322B631F7003AC584 = {
						CreatedOnToolsVersion = 10.2.1;
						TestTargetID = 4824EE8F22B631F5003AC584;
					};
					4824EEAE22B631F7003AC584 = {
						CreatedOnToolsVersion = 10.2.1;
						TestTargetID = 4824EE8F22B631F5003AC584;
					};
				};
			};
			buildConfigurationList = 4824EE8B22B631F5003AC584 /* Build configuration list for PBXProject "dynamic-tab" */;
			compatibilityVersion = "Xcode 9.3";
			developmentRegion = en;
			hasScannedForEncodings = 0;
			knownRegions = (
				en,
				Base,
			);
			mainGroup = 4824EE8722B631F5003AC584;
			productRefGroup = 4824EE9122B631F5003AC584 /* Products */;
			projectDirPath = "";
			projectRoot = "";
			targets = (
				4824EE8F22B631F5003AC584 /* dynamic-tab */,
				4824EEA322B631F7003AC584 /* dynamic-tabTests */,
				4824EEAE22B631F7003AC584 /* dynamic-tabUITests */,
			);
		};
/* End PBXProject section */

/* Begin PBXResourcesBuildPhase section */
		4824EE8E22B631F5003AC584 /* Resources */ = {
			isa = PBXResourcesBuildPhase;
			buildActionMask = 2147483647;
			files = (
				4824EE9E22B631F7003AC584 /* LaunchScreen.storyboard in Resources */,
				4824EE9B22B631F7003AC584 /* Assets.xcassets in Resources */,
				4824EE9922B631F5003AC584 /* Main.storyboard in Resources */,
			);
			runOnlyForDeploymentPostprocessing = 0;
		};
		4824EEA222B631F7003AC584 /* Resources */ = {
			isa = PBXResourcesBuildPhase;
			buildActionMask = 2147483647;
			files = (
			);
			runOnlyForDeploymentPostprocessing = 0;
		};
		4824EEAD22B631F7003AC584 /* Resources */ = {
			isa = PBXResourcesBuildPhase;
			buildActionMask = 2147483647;
			files = (
			);
			runOnlyForDeploymentPostprocessing = 0;
		};
/* End PBXResourcesBuildPhase section */

/* Begin PBXSourcesBuildPhase section */
		4824EE8C22B631F5003AC584 /* Sources */ = {
			isa = PBXSourcesBuildPhase;
			buildActionMask = 2147483647;
			files = (
				4824EE9622B631F5003AC584 /* ViewController.swift in Sources */,
				4824EE9422B631F5003AC584 /* AppDelegate.swift in Sources */,
			);
			runOnlyForDeploymentPostprocessing = 0;
		};
		4824EEA022B631F7003AC584 /* Sources */ = {
			isa = PBXSourcesBuildPhase;
			buildActionMask = 2147483647;
			files = (
				4824EEA922B631F7003AC584 /* dynamic_tabTests.swift in Sources */,
			);
			runOnlyForDeploymentPostprocessing = 0;
		};
		4824EEAB22B631F7003AC584 /* Sources */ = {
			isa = PBXSourcesBuildPhase;
			buildActionMask = 2147483647;
			files = (
				4824EEB422B631F7003AC584 /* dynamic_tabUITests.swift in Sources */,
			);
			runOnlyForDeploymentPostprocessing = 0;
		};
/* End PBXSourcesBuildPhase section */

/* Begin PBXTargetDependency section */
		4824EEA622B631F7003AC584 /* PBXTargetDependency */ = {
			isa = PBXTargetDependency;
			target = 4824EE8F22B631F5003AC584 /* dynamic-tab */;
			targetProxy = 4824EEA522B631F7003AC584 /* PBXContainerItemProxy */;
		};
		4824EEB122B631F7003AC584 /* PBXTargetDependency */ = {
			isa = PBXTargetDependency;
			target = 4824EE8F22B631F5003AC584 /* dynamic-tab */;
			targetProxy = 4824EEB022B631F7003AC584 /* PBXContainerItemProxy */;
		};
/* End PBXTargetDependency section */

/* Begin PBXVariantGroup section */
		4824EE9722B631F5003AC584 /* Main.storyboard */ = {
			isa = PBXVariantGroup;
			children = (
				4824EE9822B631F5003AC584 /* Base */,
			);
			name = Main.storyboard;
			sourceTree = "<group>";
		};
		4824EE9C22B631F7003AC584 /* LaunchScreen.storyboard */ = {
			isa = PBXVariantGroup;
			children = (
				4824EE9D22B631F7003AC584 /* Base */,
			);
			name = LaunchScreen.storyboard;
			sourceTree = "<group>";
		};
/* End PBXVariantGroup section */

/* Begin XCBuildConfiguration section */
		4824EEB622B631F7003AC584 /* Debug */ = {
			isa = XCBuildConfiguration;
			buildSettings = {
				ALWAYS_SEARCH_USER_PATHS = NO;
				CLANG_ANALYZER_NONNULL = YES;
				CLANG_ANALYZER_NUMBER_OBJECT_CONVERSION = YES_AGGRESSIVE;
				CLANG_CXX_LANGUAGE_STANDARD = "gnu++14";
				CLANG_CXX_LIBRARY = "libc++";
				CLANG_ENABLE_MODULES = YES;
				CLANG_ENABLE_OBJC_ARC = YES;
				CLANG_ENABLE_OBJC_WEAK = YES;
				CLANG_WARN_BLOCK_CAPTURE_AUTORELEASING = YES;
				CLANG_WARN_BOOL_CONVERSION = YES;
				CLANG_WARN_COMMA = YES;
				CLANG_WARN_CONSTANT_CONVERSION = YES;
				CLANG_WARN_DEPRECATED_OBJC_IMPLEMENTATIONS = YES;
				CLANG_WARN_DIRECT_OBJC_ISA_USAGE = YES_ERROR;
				CLANG_WARN_DOCUMENTATION_COMMENTS = YES;
				CLANG_WARN_EMPTY_BODY = YES;
				CLANG_WARN_ENUM_CONVERSION = YES;
				CLANG_WARN_INFINITE_RECURSION = YES;
				CLANG_WARN_INT_CONVERSION = YES;
				CLANG_WARN_NON_LITERAL_NULL_CONVERSION = YES;
				CLANG_WARN_OBJC_IMPLICIT_RETAIN_SELF = YES;
				CLANG_WARN_OBJC_LITERAL_CONVERSION = YES;
				CLANG_WARN_OBJC_ROOT_CLASS = YES_ERROR;
				CLANG_WARN_RANGE_LOOP_ANALYSIS = YES;
				CLANG_WARN_STRICT_PROTOTYPES = YES;
				CLANG_WARN_SUSPICIOUS_MOVE = YES;
				CLANG_WARN_UNGUARDED_AVAILABILITY = YES_AGGRESSIVE;
				CLANG_WARN_UNREACHABLE_CODE = YES;
				CLANG_WARN__DUPLICATE_METHOD_MATCH = YES;
				CODE_SIGN_IDENTITY = "iPhone Developer";
				COPY_PHASE_STRIP = NO;
				DEBUG_INFORMATION_FORMAT = dwarf;
				ENABLE_STRICT_OBJC_MSGSEND = YES;
				ENABLE_TESTABILITY = YES;
				GCC_C_LANGUAGE_STANDARD = gnu11;
				GCC_DYNAMIC_NO_PIC = NO;
				GCC_NO_COMMON_BLOCKS = YES;
				GCC_OPTIMIZATION_LEVEL = 0;
				GCC_PREPROCESSOR_DEFINITIONS = (
					"DEBUG=1",
					"$(inherited)",
				);
				GCC_WARN_64_TO_32_BIT_CONVERSION = YES;
				GCC_WARN_ABOUT_RETURN_TYPE = YES_ERROR;
				GCC_WARN_UNDECLARED_SELECTOR = YES;
				GCC_WARN_UNINITIALIZED_AUTOS = YES_AGGRESSIVE;
				GCC_WARN_UNUSED_FUNCTION = YES;
				GCC_WARN_UNUSED_VARIABLE = YES;
				IPHONEOS_DEPLOYMENT_TARGET = 12.2;
				MTL_ENABLE_DEBUG_INFO = INCLUDE_SOURCE;
				MTL_FAST_MATH = YES;
				ONLY_ACTIVE_ARCH = YES;
				SDKROOT = iphoneos;
				SWIFT_ACTIVE_COMPILATION_CONDITIONS = DEBUG;
				SWIFT_OPTIMIZATION_LEVEL = "-Onone";
			};
			name = Debug;
		};
		4824EEB722B631F7003AC584 /* Release */ = {
			isa = XCBuildConfiguration;
			buildSettings = {
				ALWAYS_SEARCH_USER_PATHS = NO;
				CLANG_ANALYZER_NONNULL = YES;
				CLANG_ANALYZER_NUMBER_OBJECT_CONVERSION = YES_AGGRESSIVE;
				CLANG_CXX_LANGUAGE_STANDARD = "gnu++14";
				CLANG_CXX_LIBRARY = "libc++";
				CLANG_ENABLE_MODULES = YES;
				CLANG_ENABLE_OBJC_ARC = YES;
				CLANG_ENABLE_OBJC_WEAK = YES;
				CLANG_WARN_BLOCK_CAPTURE_AUTORELEASING = YES;
				CLANG_WARN_BOOL_CONVERSION = YES;
				CLANG_WARN_COMMA = YES;
				CLANG_WARN_CONSTANT_CONVERSION = YES;
				CLANG_WARN_DEPRECATED_OBJC_IMPLEMENTATIONS = YES;
				CLANG_WARN_DIRECT_OBJC_ISA_USAGE = YES_ERROR;
				CLANG_WARN_DOCUMENTATION_COMMENTS = YES;
				CLANG_WARN_EMPTY_BODY = YES;
				CLANG_WARN_ENUM_CONVERSION = YES;
				CLANG_WARN_INFINITE_RECURSION = YES;
				CLANG_WARN_INT_CONVERSION = YES;
				CLANG_WARN_NON_LITERAL_NULL_CONVERSION = YES;
				CLANG_WARN_OBJC_IMPLICIT_RETAIN_SELF = YES;
				CLANG_WARN_OBJC_LITERAL_CONVERSION = YES;
				CLANG_WARN_OBJC_ROOT_CLASS = YES_ERROR;
				CLANG_WARN_RANGE_LOOP_ANALYSIS = YES;
				CLANG_WARN_STRICT_PROTOTYPES = YES;
				CLANG_WARN_SUSPICIOUS_MOVE = YES;
				CLANG_WARN_UNGUARDED_AVAILABILITY = YES_AGGRESSIVE;
				CLANG_WARN_UNREACHABLE_CODE = YES;
				CLANG_WARN__DUPLICATE_METHOD_MATCH = YES;
				CODE_SIGN_IDENTITY = "iPhone Developer";
				COPY_PHASE_STRIP = NO;
				DEBUG_INFORMATION_FORMAT = "dwarf-with-dsym";
				ENABLE_NS_ASSERTIONS = NO;
				ENABLE_STRICT_OBJC_MSGSEND = YES;
				GCC_C_LANGUAGE_STANDARD = gnu11;
				GCC_NO_COMMON_BLOCKS = YES;
				GCC_WARN_64_TO_32_BIT_CONVERSION = YES;
				GCC_WARN_ABOUT_RETURN_TYPE = YES_ERROR;
				GCC_WARN_UNDECLARED_SELECTOR = YES;
				GCC_WARN_UNINITIALIZED_AUTOS = YES_AGGRESSIVE;
				GCC_WARN_UNUSED_FUNCTION = YES;
				GCC_WARN_UNUSED_VARIABLE = YES;
				IPHONEOS_DEPLOYMENT_TARGET = 12.2;
				MTL_ENABLE_DEBUG_INFO = NO;
				MTL_FAST_MATH = YES;
				SDKROOT = iphoneos;
				SWIFT_COMPILATION_MODE = wholemodule;
				SWIFT_OPTIMIZATION_LEVEL = "-O";
				VALIDATE_PRODUCT = YES;
			};
			name = Release;
		};
		4824EEB922B631F7003AC584 /* Debug */ = {
			isa = XCBuildConfiguration;
			buildSettings = {
				ASSETCATALOG_COMPILER_APPICON_NAME = AppIcon;
				CODE_SIGN_STYLE = Automatic;
				DEVELOPMENT_TEAM = 57VL32B9VS;
				INFOPLIST_FILE = "dynamic-tab/Info.plist";
				LD_RUNPATH_SEARCH_PATHS = (
					"$(inherited)",
					"@executable_path/Frameworks",
				);
				PRODUCT_BUNDLE_IDENTIFIER = "com.davidcast.dynamic-tab";
				PRODUCT_NAME = "$(TARGET_NAME)";
				SWIFT_VERSION = 5.0;
				TARGETED_DEVICE_FAMILY = "1,2";
			};
			name = Debug;
		};
		4824EEBA22B631F7003AC584 /* Release */ = {
			isa = XCBuildConfiguration;
			buildSettings = {
				ASSETCATALOG_COMPILER_APPICON_NAME = AppIcon;
				CODE_SIGN_STYLE = Automatic;
				DEVELOPMENT_TEAM = 57VL32B9VS;
				INFOPLIST_FILE = "dynamic-tab/Info.plist";
				LD_RUNPATH_SEARCH_PATHS = (
					"$(inherited)",
					"@executable_path/Frameworks",
				);
				PRODUCT_BUNDLE_IDENTIFIER = "com.davidcast.dynamic-tab";
				PRODUCT_NAME = "$(TARGET_NAME)";
				SWIFT_VERSION = 5.0;
				TARGETED_DEVICE_FAMILY = "1,2";
			};
			name = Release;
		};
		4824EEBC22B631F7003AC584 /* Debug */ = {
			isa = XCBuildConfiguration;
			buildSettings = {
				ALWAYS_EMBED_SWIFT_STANDARD_LIBRARIES = YES;
				BUNDLE_LOADER = "$(TEST_HOST)";
				CODE_SIGN_STYLE = Automatic;
				DEVELOPMENT_TEAM = 57VL32B9VS;
				INFOPLIST_FILE = "dynamic-tabTests/Info.plist";
				LD_RUNPATH_SEARCH_PATHS = (
					"$(inherited)",
					"@executable_path/Frameworks",
					"@loader_path/Frameworks",
				);
				PRODUCT_BUNDLE_IDENTIFIER = "com.davidcast.dynamic-tabTests";
				PRODUCT_NAME = "$(TARGET_NAME)";
				SWIFT_VERSION = 5.0;
				TARGETED_DEVICE_FAMILY = "1,2";
				TEST_HOST = "$(BUILT_PRODUCTS_DIR)/dynamic-tab.app/dynamic-tab";
			};
			name = Debug;
		};
		4824EEBD22B631F7003AC584 /* Release */ = {
			isa = XCBuildConfiguration;
			buildSettings = {
				ALWAYS_EMBED_SWIFT_STANDARD_LIBRARIES = YES;
				BUNDLE_LOADER = "$(TEST_HOST)";
				CODE_SIGN_STYLE = Automatic;
				DEVELOPMENT_TEAM = 57VL32B9VS;
				INFOPLIST_FILE = "dynamic-tabTests/Info.plist";
				LD_RUNPATH_SEARCH_PATHS = (
					"$(inherited)",
					"@executable_path/Frameworks",
					"@loader_path/Frameworks",
				);
				PRODUCT_BUNDLE_IDENTIFIER = "com.davidcast.dynamic-tabTests";
				PRODUCT_NAME = "$(TARGET_NAME)";
				SWIFT_VERSION = 5.0;
				TARGETED_DEVICE_FAMILY = "1,2";
				TEST_HOST = "$(BUILT_PRODUCTS_DIR)/dynamic-tab.app/dynamic-tab";
			};
			name = Release;
		};
		4824EEBF22B631F7003AC584 /* Debug */ = {
			isa = XCBuildConfiguration;
			buildSettings = {
				ALWAYS_EMBED_SWIFT_STANDARD_LIBRARIES = YES;
				CODE_SIGN_STYLE = Automatic;
				DEVELOPMENT_TEAM = 57VL32B9VS;
				INFOPLIST_FILE = "dynamic-tabUITests/Info.plist";
				LD_RUNPATH_SEARCH_PATHS = (
					"$(inherited)",
					"@executable_path/Frameworks",
					"@loader_path/Frameworks",
				);
				PRODUCT_BUNDLE_IDENTIFIER = "com.davidcast.dynamic-tabUITests";
				PRODUCT_NAME = "$(TARGET_NAME)";
				SWIFT_VERSION = 5.0;
				TARGETED_DEVICE_FAMILY = "1,2";
				TEST_TARGET_NAME = "dynamic-tab";
			};
			name = Debug;
		};
		4824EEC022B631F7003AC584 /* Release */ = {
			isa = XCBuildConfiguration;
			buildSettings = {
				ALWAYS_EMBED_SWIFT_STANDARD_LIBRARIES = YES;
				CODE_SIGN_STYLE = Automatic;
				DEVELOPMENT_TEAM = 57VL32B9VS;
				INFOPLIST_FILE = "dynamic-tabUITests/Info.plist";
				LD_RUNPATH_SEARCH_PATHS = (
					"$(inherited)",
					"@executable_path/Frameworks",
					"@loader_path/Frameworks",
				);
				PRODUCT_BUNDLE_IDENTIFIER = "com.davidcast.dynamic-tabUITests";
				PRODUCT_NAME = "$(TARGET_NAME)";
				SWIFT_VERSION = 5.0;
				TARGETED_DEVICE_FAMILY = "1,2";
				TEST_TARGET_NAME = "dynamic-tab";
			};
			name = Release;
		};
/* End XCBuildConfiguration section */

/* Begin XCConfigurationList section */
		4824EE8B22B631F5003AC584 /* Build configuration list for PBXProject "dynamic-tab" */ = {
			isa = XCConfigurationList;
			buildConfigurations = (
				4824EEB622B631F7003AC584 /* Debug */,
				4824EEB722B631F7003AC584 /* Release */,
			);
			defaultConfigurationIsVisible = 0;
			defaultConfigurationName = Release;
		};
		4824EEB822B631F7003AC584 /* Build configuration list for PBXNativeTarget "dynamic-tab" */ = {
			isa = XCConfigurationList;
			buildConfigurations = (
				4824EEB922B631F7003AC584 /* Debug */,
				4824EEBA22B631F7003AC584 /* Release */,
			);
			defaultConfigurationIsVisible = 0;
			defaultConfigurationName = Release;
		};
		4824EEBB22B631F7003AC584 /* Build configuration list for PBXNativeTarget "dynamic-tabTests" */ = {
			isa = XCConfigurationList;
			buildConfigurations = (
				4824EEBC22B631F7003AC584 /* Debug */,
				4824EEBD22B631F7003AC584 /* Release */,
			);
			defaultConfigurationIsVisible = 0;
			defaultConfigurationName = Release;
		};
		4824EEBE22B631F7003AC584 /* Build configuration list for PBXNativeTarget "dynamic-tabUITests" */ = {
			isa = XCConfigurationList;
			buildConfigurations = (
				4824EEBF22B631F7003AC584 /* Debug */,
				4824EEC022B631F7003AC584 /* Release */,
			);
			defaultConfigurationIsVisible = 0;
			defaultConfigurationName = Release;
		};
/* End XCConfigurationList section */
	};
	rootObject = 4824EE8822B631F5003AC584 /* Project object */;
}
